
Microsoft Visual Studio Solution File, Format Version 12.00
# Visual Studio 14
VisualStudioVersion = 14.0.25420.1
MinimumVisualStudioVersion = 10.0.40219.1
Project("{FAE04EC0-301F-11D3-BF4B-00C04F79EFBC}") = "MGTTG", "MGTTG\MGTTG.csproj", "{FCC92F14-AA66-4F63-856A-94EA53F919E4}"
EndProject
Project("{FAE04EC0-301F-11D3-BF4B-00C04F79EFBC}") = "MGTTG.Tests", "MGTTG.Tests\MGTTG.Tests.csproj", "{692A76E5-E8FF-4AB3-AA4D-12F1FA61BE17}"
EndProject
Global
	GlobalSection(SolutionConfigurationPlatforms) = preSolution
		Debug|Any CPU = Debug|Any CPU
		Release|Any CPU = Release|Any CPU
	EndGlobalSection
	GlobalSection(ProjectConfigurationPlatforms) = postSolution
		{FCC92F14-AA66-4F63-856A-94EA53F919E4}.Debug|Any CPU.ActiveCfg = Debug|Any CPU
		{FCC92F14-AA66-4F63-856A-94EA53F919E4}.Debug|Any CPU.Build.0 = Debug|Any CPU
		{FCC92F14-AA66-4F63-856A-94EA53F919E4}.Release|Any CPU.ActiveCfg = Release|Any CPU
		{FCC92F14-AA66-4F63-856A-94EA53F919E4}.Release|Any CPU.Build.0 = Release|Any CPU
		{692A76E5-E8FF-4AB3-AA4D-12F1FA61BE17}.Debug|Any CPU.ActiveCfg = Debug|Any CPU
		{692A76E5-E8FF-4AB3-AA4D-12F1FA61BE17}.Debug|Any CPU.Build.0 = Debug|Any CPU
		{692A76E5-E8FF-4AB3-AA4D-12F1FA61BE17}.Release|Any CPU.ActiveCfg = Release|Any CPU
		{692A76E5-E8FF-4AB3-AA4D-12F1FA61BE17}.Release|Any CPU.Build.0 = Release|Any CPU
	EndGlobalSection
	GlobalSection(SolutionProperties) = preSolution
		HideSolutionNode = FALSE
	EndGlobalSection
EndGlobal
